# THIS IS AN AUTOGENERATED FILE. DO NOT EDIT THIS FILE DIRECTLY.
# yarn lockfile v1


saaslify@^0.0.0:
  version "0.0.0"
  resolved "https://registry.yarnpkg.com/saaslify/-/saaslify-0.0.0.tgz#253d7cb9dfaa358ec57bfd3de9a844af53f8b0d0"
  integrity sha512-8dbQY7W2+CMry2+r0qS+iLycdN/oB5UgSb3NGso+Gmle+C4c7mPyTcUBUI/mFUf0xUKW4KU+SpuUmB6pIGMhEg==
